
Microsoft Visual Studio Solution File, Format Version 12.00
# Visual Studio Version 17
VisualStudioVersion = 17.5.2.0
MinimumVisualStudioVersion = 10.0.40219.1
Project("{FAE04EC0-301F-11D3-BF4B-00C04F79EFBC}") = "back-end", "back-end\back-end.csproj", "{1DAC22B3-58E2-61B4-AEB9-A7677520B1AA}"
EndProject
Project("{FAE04EC0-301F-11D3-BF4B-00C04F79EFBC}") = "back-end.tests", "back-end.tests\back-end.tests.csproj", "{3AB78072-1E2D-4354-89ED-3FFAB05E8B89}"
EndProject
Global
	GlobalSection(SolutionConfigurationPlatforms) = preSolution
		Debug|Any CPU = Debug|Any CPU
		Debug|x64 = Debug|x64
		Debug|x86 = Debug|x86
		Release|Any CPU = Release|Any CPU
		Release|x64 = Release|x64
		Release|x86 = Release|x86
	EndGlobalSection
	GlobalSection(ProjectConfigurationPlatforms) = postSolution
		{1DAC22B3-58E2-61B4-AEB9-A7677520B1AA}.Debug|Any CPU.ActiveCfg = Debug|Any CPU
		{1DAC22B3-58E2-61B4-AEB9-A7677520B1AA}.Debug|Any CPU.Build.0 = Debug|Any CPU
		{1DAC22B3-58E2-61B4-AEB9-A7677520B1AA}.Debug|x64.ActiveCfg = Debug|Any CPU
		{1DAC22B3-58E2-61B4-AEB9-A7677520B1AA}.Debug|x64.Build.0 = Debug|Any CPU
		{1DAC22B3-58E2-61B4-AEB9-A7677520B1AA}.Debug|x86.ActiveCfg = Debug|Any CPU
		{1DAC22B3-58E2-61B4-AEB9-A7677520B1AA}.Debug|x86.Build.0 = Debug|Any CPU
		{1DAC22B3-58E2-61B4-AEB9-A7677520B1AA}.Release|Any CPU.ActiveCfg = Release|Any CPU
		{1DAC22B3-58E2-61B4-AEB9-A7677520B1AA}.Release|Any CPU.Build.0 = Release|Any CPU
		{1DAC22B3-58E2-61B4-AEB9-A7677520B1AA}.Release|x64.ActiveCfg = Release|Any CPU
		{1DAC22B3-58E2-61B4-AEB9-A7677520B1AA}.Release|x64.Build.0 = Release|Any CPU
		{1DAC22B3-58E2-61B4-AEB9-A7677520B1AA}.Release|x86.ActiveCfg = Release|Any CPU
		{1DAC22B3-58E2-61B4-AEB9-A7677520B1AA}.Release|x86.Build.0 = Release|Any CPU
		{3AB78072-1E2D-4354-89ED-3FFAB05E8B89}.Debug|Any CPU.ActiveCfg = Debug|Any CPU
		{3AB78072-1E2D-4354-89ED-3FFAB05E8B89}.Debug|Any CPU.Build.0 = Debug|Any CPU
		{3AB78072-1E2D-4354-89ED-3FFAB05E8B89}.Debug|x64.ActiveCfg = Debug|Any CPU
		{3AB78072-1E2D-4354-89ED-3FFAB05E8B89}.Debug|x64.Build.0 = Debug|Any CPU
		{3AB78072-1E2D-4354-89ED-3FFAB05E8B89}.Debug|x86.ActiveCfg = Debug|Any CPU
		{3AB78072-1E2D-4354-89ED-3FFAB05E8B89}.Debug|x86.Build.0 = Debug|Any CPU
		{3AB78072-1E2D-4354-89ED-3FFAB05E8B89}.Release|Any CPU.ActiveCfg = Release|Any CPU
		{3AB78072-1E2D-4354-89ED-3FFAB05E8B89}.Release|Any CPU.Build.0 = Release|Any CPU
		{3AB78072-1E2D-4354-89ED-3FFAB05E8B89}.Release|x64.ActiveCfg = Release|Any CPU
		{3AB78072-1E2D-4354-89ED-3FFAB05E8B89}.Release|x64.Build.0 = Release|Any CPU
		{3AB78072-1E2D-4354-89ED-3FFAB05E8B89}.Release|x86.ActiveCfg = Release|Any CPU
		{3AB78072-1E2D-4354-89ED-3FFAB05E8B89}.Release|x86.Build.0 = Release|Any CPU
	EndGlobalSection
	GlobalSection(SolutionProperties) = preSolution
		HideSolutionNode = FALSE
	EndGlobalSection
	GlobalSection(ExtensibilityGlobals) = postSolution
		SolutionGuid = {F0340556-4ECB-4CC9-B150-F27E5DAE87C3}
	EndGlobalSection
EndGlobal
